
Microsoft Visual Studio Solution File, Format Version 12.00
# Visual Studio Version 17
VisualStudioVersion = 17.0.31912.275
MinimumVisualStudioVersion = 10.0.40219.1
Project("{FAE04EC0-301F-11D3-BF4B-00C04F79EFBC}") = "ThreadingBasic", "ThreadingBasic\ThreadingBasic.csproj", "{5164183A-887C-4995-A1FD-FEB5214BE357}"
EndProject
Global
	GlobalSection(SolutionConfigurationPlatforms) = preSolution
		Debug|Any CPU = Debug|Any CPU
		Release|Any CPU = Release|Any CPU
	EndGlobalSection
	GlobalSection(ProjectConfigurationPlatforms) = postSolution
		{5164183A-887C-4995-A1FD-FEB5214BE357}.Debug|Any CPU.ActiveCfg = Debug|Any CPU
		{5164183A-887C-4995-A1FD-FEB5214BE357}.Debug|Any CPU.Build.0 = Debug|Any CPU
		{5164183A-887C-4995-A1FD-FEB5214BE357}.Release|Any CPU.ActiveCfg = Release|Any CPU
		{5164183A-887C-4995-A1FD-FEB5214BE357}.Release|Any CPU.Build.0 = Release|Any CPU
	EndGlobalSection
	GlobalSection(SolutionProperties) = preSolution
		HideSolutionNode = FALSE
	EndGlobalSection
	GlobalSection(ExtensibilityGlobals) = postSolution
		SolutionGuid = {AA46B527-C15F-49FD-BC90-7926EEB725F7}
	EndGlobalSection
EndGlobal
